
Microsoft Visual Studio Solution File, Format Version 12.00
# Visual Studio Version 17
VisualStudioVersion = 17.7.34024.191
MinimumVisualStudioVersion = 10.0.40219.1
Project("{9A19103F-16F7-4668-BE54-9A1E7A4F7556}") = "Dealer.Api", "Dealer.Api\Dealer.Api.csproj", "{053EF490-CD50-4BC0-BF6B-B9AFB5EA5C57}"
EndProject
Project("{FAE04EC0-301F-11D3-BF4B-00C04F79EFBC}") = "Dealer.Api.Tests", "Dealer.Api.Tests\Dealer.Api.Tests.csproj", "{C6468BBF-5F6D-4858-B7B5-51F83BCB9955}"
EndProject
Global
	GlobalSection(SolutionConfigurationPlatforms) = preSolution
		Debug|Any CPU = Debug|Any CPU
		Release|Any CPU = Release|Any CPU
	EndGlobalSection
	GlobalSection(ProjectConfigurationPlatforms) = postSolution
		{053EF490-CD50-4BC0-BF6B-B9AFB5EA5C57}.Debug|Any CPU.ActiveCfg = Debug|Any CPU
		{053EF490-CD50-4BC0-BF6B-B9AFB5EA5C57}.Debug|Any CPU.Build.0 = Debug|Any CPU
		{053EF490-CD50-4BC0-BF6B-B9AFB5EA5C57}.Release|Any CPU.ActiveCfg = Release|Any CPU
		{053EF490-CD50-4BC0-BF6B-B9AFB5EA5C57}.Release|Any CPU.Build.0 = Release|Any CPU
		{C6468BBF-5F6D-4858-B7B5-51F83BCB9955}.Debug|Any CPU.ActiveCfg = Debug|Any CPU
		{C6468BBF-5F6D-4858-B7B5-51F83BCB9955}.Debug|Any CPU.Build.0 = Debug|Any CPU
		{C6468BBF-5F6D-4858-B7B5-51F83BCB9955}.Release|Any CPU.ActiveCfg = Release|Any CPU
		{C6468BBF-5F6D-4858-B7B5-51F83BCB9955}.Release|Any CPU.Build.0 = Release|Any CPU
	EndGlobalSection
	GlobalSection(SolutionProperties) = preSolution
		HideSolutionNode = FALSE
	EndGlobalSection
EndGlobal
